
Microsoft Visual Studio Solution File, Format Version 12.00
# Visual Studio Version 17
VisualStudioVersion = 17.6.33723.286
MinimumVisualStudioVersion = 10.0.40219.1
Project("{9A19103F-16F7-4668-BE54-9A1E7A4F7556}") = "Booking_ReservationAPI", "Booking_ReservationAPI\Booking_ReservationAPI.csproj", "{36E04733-5DAB-4951-9584-9C6D23F8196A}"
EndProject
Project("{9A19103F-16F7-4668-BE54-9A1E7A4F7556}") = "Booking_web", "Booking_web\Booking_web.csproj", "{CAC7BE14-87D4-4CD4-8750-786600C4E791}"
EndProject
Project("{FAE04EC0-301F-11D3-BF4B-00C04F79EFBC}") = "Booking_Utility", "Booking_Utility\Booking_Utility.csproj", "{CCC3C1D0-30B5-454D-8423-4BAA88337A6D}"
EndProject
Global
	GlobalSection(SolutionConfigurationPlatforms) = preSolution
		Debug|Any CPU = Debug|Any CPU
		Release|Any CPU = Release|Any CPU
	EndGlobalSection
	GlobalSection(ProjectConfigurationPlatforms) = postSolution
		{36E04733-5DAB-4951-9584-9C6D23F8196A}.Debug|Any CPU.ActiveCfg = Debug|Any CPU
		{36E04733-5DAB-4951-9584-9C6D23F8196A}.Debug|Any CPU.Build.0 = Debug|Any CPU
		{36E04733-5DAB-4951-9584-9C6D23F8196A}.Release|Any CPU.ActiveCfg = Release|Any CPU
		{36E04733-5DAB-4951-9584-9C6D23F8196A}.Release|Any CPU.Build.0 = Release|Any CPU
		{CAC7BE14-87D4-4CD4-8750-786600C4E791}.Debug|Any CPU.ActiveCfg = Debug|Any CPU
		{CAC7BE14-87D4-4CD4-8750-786600C4E791}.Debug|Any CPU.Build.0 = Debug|Any CPU
		{CAC7BE14-87D4-4CD4-8750-786600C4E791}.Release|Any CPU.ActiveCfg = Release|Any CPU
		{CAC7BE14-87D4-4CD4-8750-786600C4E791}.Release|Any CPU.Build.0 = Release|Any CPU
		{CCC3C1D0-30B5-454D-8423-4BAA88337A6D}.Debug|Any CPU.ActiveCfg = Debug|Any CPU
		{CCC3C1D0-30B5-454D-8423-4BAA88337A6D}.Debug|Any CPU.Build.0 = Debug|Any CPU
		{CCC3C1D0-30B5-454D-8423-4BAA88337A6D}.Release|Any CPU.ActiveCfg = Release|Any CPU
		{CCC3C1D0-30B5-454D-8423-4BAA88337A6D}.Release|Any CPU.Build.0 = Release|Any CPU
	EndGlobalSection
	GlobalSection(SolutionProperties) = preSolution
		HideSolutionNode = FALSE
	EndGlobalSection
	GlobalSection(ExtensibilityGlobals) = postSolution
		SolutionGuid = {81B92C7F-DA13-4E46-9CCA-8D1256DF4BBE}
	EndGlobalSection
EndGlobal
